schema: '2.0'
stages:
  data_preparation:
    cmd: python src/stage_01_prepare_data.py
    deps:
    - path: data/data.xml
      md5: a304afb96060aad90176268345e10355
      size: 37891850
    - path: src/stage_01_prepare_data.py
      md5: 2de40bc5b344ceea6308cb8874b0768d
      size: 3851
    - path: src/utils
      md5: 09de706e9e9ffe4ff89b0eb295333de4.dir
      size: 7298
      nfiles: 6
    outs:
    - path: artifacts/prepared
      md5: dc639257fd7e43c167de7349d66763c4.dir
      size: 23861349
      nfiles: 2
